
Microsoft Visual Studio Solution File, Format Version 12.00
# Visual Studio Version 17
VisualStudioVersion = 17.3.32825.248
MinimumVisualStudioVersion = 10.0.40219.1
Project("{FAE04EC0-301F-11D3-BF4B-00C04F79EFBC}") = "Lesson1_Exercise_LoginAndVerify", "Lesson1_Exercise_LoginAndVerify\Lesson1_Exercise_LoginAndVerify.csproj", "{5AC0DA69-9519-4434-8623-BE1AAD077042}"
EndProject
Global
	GlobalSection(SolutionConfigurationPlatforms) = preSolution
		Debug|Any CPU = Debug|Any CPU
		Release|Any CPU = Release|Any CPU
	EndGlobalSection
	GlobalSection(ProjectConfigurationPlatforms) = postSolution
		{5AC0DA69-9519-4434-8623-BE1AAD077042}.Debug|Any CPU.ActiveCfg = Debug|Any CPU
		{5AC0DA69-9519-4434-8623-BE1AAD077042}.Debug|Any CPU.Build.0 = Debug|Any CPU
		{5AC0DA69-9519-4434-8623-BE1AAD077042}.Release|Any CPU.ActiveCfg = Release|Any CPU
		{5AC0DA69-9519-4434-8623-BE1AAD077042}.Release|Any CPU.Build.0 = Release|Any CPU
	EndGlobalSection
	GlobalSection(SolutionProperties) = preSolution
		HideSolutionNode = FALSE
	EndGlobalSection
	GlobalSection(ExtensibilityGlobals) = postSolution
		SolutionGuid = {6F07F882-E7AA-4C6D-BABE-3E66350AADD8}
	EndGlobalSection
EndGlobal
